
Microsoft Visual Studio Solution File, Format Version 12.00
# Visual Studio Version 17
VisualStudioVersion = 17.13.35825.156
MinimumVisualStudioVersion = 10.0.40219.1
Project("{2150E333-8FDC-42A3-9474-1A3956D46DE8}") = "Core", "Core", "{02EA681E-C7D8-13C7-8484-4AC65E1B71E8}"
EndProject
Project("{2150E333-8FDC-42A3-9474-1A3956D46DE8}") = "Common", "Common", "{B6E2D8D9-A616-43FE-8D63-4328AC2AA199}"
EndProject
Project("{2150E333-8FDC-42A3-9474-1A3956D46DE8}") = "Infra", "Infra", "{855890E0-5470-4023-9D55-65D4383524FB}"
EndProject
Project("{2150E333-8FDC-42A3-9474-1A3956D46DE8}") = "Host", "Host", "{D8A6D4F1-6DC7-4881-A547-E3248BE243C6}"
EndProject
Project("{FAE04EC0-301F-11D3-BF4B-00C04F79EFBC}") = "FoodShopBilling.Shared", "FoodShopBilling.Shared\FoodShopBilling.Shared.csproj", "{0D5E8544-32A8-421D-9AEE-3DE6D62AE4F6}"
EndProject
Project("{FAE04EC0-301F-11D3-BF4B-00C04F79EFBC}") = "FoodShopBilling.Domain", "FoodShopBilling.Domain\FoodShopBilling.Domain.csproj", "{231CC08C-C096-459D-BA6E-CBCBE3B7ED86}"
EndProject
Project("{FAE04EC0-301F-11D3-BF4B-00C04F79EFBC}") = "FoodShopBilling.Utilities", "FoodShopBilling.Utilities\FoodShopBilling.Utilities.csproj", "{B2ECAFB2-8B55-48EF-8FD7-13978967C8E2}"
EndProject
Project("{FAE04EC0-301F-11D3-BF4B-00C04F79EFBC}") = "FoodShopBilling.Application", "FoodShopBilling.Application\FoodShopBilling.Application.csproj", "{B7DD9202-3E5C-434A-9BEA-9C01651AD78B}"
EndProject
Project("{FAE04EC0-301F-11D3-BF4B-00C04F79EFBC}") = "FoodShopBilling.Infrastructure", "FoodShopBilling.Infrastructure\FoodShopBilling.Infrastructure.csproj", "{8F704897-7E53-4CE5-99A5-9EE2BB839E86}"
EndProject
Project("{FAE04EC0-301F-11D3-BF4B-00C04F79EFBC}") = "FoodShopBilling.App", "FoodShopBilling.App\FoodShopBilling.App\FoodShopBilling.App.csproj", "{C264A859-2005-4876-A196-1606C82C5F58}"
EndProject
Project("{FAE04EC0-301F-11D3-BF4B-00C04F79EFBC}") = "FoodShopBilling.App.Shared", "FoodShopBilling.App\FoodShopBilling.App.Shared\FoodShopBilling.App.Shared.csproj", "{BA4CEA6C-554A-48BF-B9A3-C88CF4B857AF}"
EndProject
Project("{FAE04EC0-301F-11D3-BF4B-00C04F79EFBC}") = "FoodShopBilling.App.Web", "FoodShopBilling.App\FoodShopBilling.App.Web\FoodShopBilling.App.Web.csproj", "{CF1B1064-D9E9-46A5-BB31-9D53F4D34AFF}"
EndProject
Global
	GlobalSection(SolutionConfigurationPlatforms) = preSolution
		Debug|Any CPU = Debug|Any CPU
		Release|Any CPU = Release|Any CPU
	EndGlobalSection
	GlobalSection(ProjectConfigurationPlatforms) = postSolution
		{0D5E8544-32A8-421D-9AEE-3DE6D62AE4F6}.Debug|Any CPU.ActiveCfg = Debug|Any CPU
		{0D5E8544-32A8-421D-9AEE-3DE6D62AE4F6}.Debug|Any CPU.Build.0 = Debug|Any CPU
		{0D5E8544-32A8-421D-9AEE-3DE6D62AE4F6}.Release|Any CPU.ActiveCfg = Release|Any CPU
		{0D5E8544-32A8-421D-9AEE-3DE6D62AE4F6}.Release|Any CPU.Build.0 = Release|Any CPU
		{231CC08C-C096-459D-BA6E-CBCBE3B7ED86}.Debug|Any CPU.ActiveCfg = Debug|Any CPU
		{231CC08C-C096-459D-BA6E-CBCBE3B7ED86}.Debug|Any CPU.Build.0 = Debug|Any CPU
		{231CC08C-C096-459D-BA6E-CBCBE3B7ED86}.Release|Any CPU.ActiveCfg = Release|Any CPU
		{231CC08C-C096-459D-BA6E-CBCBE3B7ED86}.Release|Any CPU.Build.0 = Release|Any CPU
		{B2ECAFB2-8B55-48EF-8FD7-13978967C8E2}.Debug|Any CPU.ActiveCfg = Debug|Any CPU
		{B2ECAFB2-8B55-48EF-8FD7-13978967C8E2}.Debug|Any CPU.Build.0 = Debug|Any CPU
		{B2ECAFB2-8B55-48EF-8FD7-13978967C8E2}.Release|Any CPU.ActiveCfg = Release|Any CPU
		{B2ECAFB2-8B55-48EF-8FD7-13978967C8E2}.Release|Any CPU.Build.0 = Release|Any CPU
		{B7DD9202-3E5C-434A-9BEA-9C01651AD78B}.Debug|Any CPU.ActiveCfg = Debug|Any CPU
		{B7DD9202-3E5C-434A-9BEA-9C01651AD78B}.Debug|Any CPU.Build.0 = Debug|Any CPU
		{B7DD9202-3E5C-434A-9BEA-9C01651AD78B}.Release|Any CPU.ActiveCfg = Release|Any CPU
		{B7DD9202-3E5C-434A-9BEA-9C01651AD78B}.Release|Any CPU.Build.0 = Release|Any CPU
		{8F704897-7E53-4CE5-99A5-9EE2BB839E86}.Debug|Any CPU.ActiveCfg = Debug|Any CPU
		{8F704897-7E53-4CE5-99A5-9EE2BB839E86}.Debug|Any CPU.Build.0 = Debug|Any CPU
		{8F704897-7E53-4CE5-99A5-9EE2BB839E86}.Release|Any CPU.ActiveCfg = Release|Any CPU
		{8F704897-7E53-4CE5-99A5-9EE2BB839E86}.Release|Any CPU.Build.0 = Release|Any CPU
		{C264A859-2005-4876-A196-1606C82C5F58}.Debug|Any CPU.ActiveCfg = Debug|Any CPU
		{C264A859-2005-4876-A196-1606C82C5F58}.Debug|Any CPU.Build.0 = Debug|Any CPU
		{C264A859-2005-4876-A196-1606C82C5F58}.Release|Any CPU.ActiveCfg = Release|Any CPU
		{C264A859-2005-4876-A196-1606C82C5F58}.Release|Any CPU.Build.0 = Release|Any CPU
		{BA4CEA6C-554A-48BF-B9A3-C88CF4B857AF}.Debug|Any CPU.ActiveCfg = Debug|Any CPU
		{BA4CEA6C-554A-48BF-B9A3-C88CF4B857AF}.Debug|Any CPU.Build.0 = Debug|Any CPU
		{BA4CEA6C-554A-48BF-B9A3-C88CF4B857AF}.Release|Any CPU.ActiveCfg = Release|Any CPU
		{BA4CEA6C-554A-48BF-B9A3-C88CF4B857AF}.Release|Any CPU.Build.0 = Release|Any CPU
		{CF1B1064-D9E9-46A5-BB31-9D53F4D34AFF}.Debug|Any CPU.ActiveCfg = Debug|Any CPU
		{CF1B1064-D9E9-46A5-BB31-9D53F4D34AFF}.Debug|Any CPU.Build.0 = Debug|Any CPU
		{CF1B1064-D9E9-46A5-BB31-9D53F4D34AFF}.Release|Any CPU.ActiveCfg = Release|Any CPU
		{CF1B1064-D9E9-46A5-BB31-9D53F4D34AFF}.Release|Any CPU.Build.0 = Release|Any CPU
	EndGlobalSection
	GlobalSection(SolutionProperties) = preSolution
		HideSolutionNode = FALSE
	EndGlobalSection
	GlobalSection(NestedProjects) = preSolution
		{0D5E8544-32A8-421D-9AEE-3DE6D62AE4F6} = {B6E2D8D9-A616-43FE-8D63-4328AC2AA199}
		{231CC08C-C096-459D-BA6E-CBCBE3B7ED86} = {02EA681E-C7D8-13C7-8484-4AC65E1B71E8}
		{B2ECAFB2-8B55-48EF-8FD7-13978967C8E2} = {02EA681E-C7D8-13C7-8484-4AC65E1B71E8}
		{B7DD9202-3E5C-434A-9BEA-9C01651AD78B} = {02EA681E-C7D8-13C7-8484-4AC65E1B71E8}
		{8F704897-7E53-4CE5-99A5-9EE2BB839E86} = {855890E0-5470-4023-9D55-65D4383524FB}
		{C264A859-2005-4876-A196-1606C82C5F58} = {D8A6D4F1-6DC7-4881-A547-E3248BE243C6}
		{BA4CEA6C-554A-48BF-B9A3-C88CF4B857AF} = {D8A6D4F1-6DC7-4881-A547-E3248BE243C6}
		{CF1B1064-D9E9-46A5-BB31-9D53F4D34AFF} = {D8A6D4F1-6DC7-4881-A547-E3248BE243C6}
	EndGlobalSection
	GlobalSection(ExtensibilityGlobals) = postSolution
		SolutionGuid = {A97B1290-F399-4502-80D9-78E55914208B}
	EndGlobalSection
EndGlobal
